
Microsoft Visual Studio Solution File, Format Version 12.00
# Visual Studio Version 16
VisualStudioVersion = 16.0.32126.315
MinimumVisualStudioVersion = 10.0.40219.1
Project("{FAE04EC0-301F-11D3-BF4B-00C04F79EFBC}") = "Technical_Assessment_Solution", "Technical_Assessment_Solution\Technical_Assessment_Solution.csproj", "{EE34217A-DAD6-41F1-AB82-F07D64E960BB}"
EndProject
Global
	GlobalSection(SolutionConfigurationPlatforms) = preSolution
		Debug|Any CPU = Debug|Any CPU
		Release|Any CPU = Release|Any CPU
	EndGlobalSection
	GlobalSection(ProjectConfigurationPlatforms) = postSolution
		{EE34217A-DAD6-41F1-AB82-F07D64E960BB}.Debug|Any CPU.ActiveCfg = Debug|Any CPU
		{EE34217A-DAD6-41F1-AB82-F07D64E960BB}.Debug|Any CPU.Build.0 = Debug|Any CPU
		{EE34217A-DAD6-41F1-AB82-F07D64E960BB}.Release|Any CPU.ActiveCfg = Release|Any CPU
		{EE34217A-DAD6-41F1-AB82-F07D64E960BB}.Release|Any CPU.Build.0 = Release|Any CPU
	EndGlobalSection
	GlobalSection(SolutionProperties) = preSolution
		HideSolutionNode = FALSE
	EndGlobalSection
	GlobalSection(ExtensibilityGlobals) = postSolution
		SolutionGuid = {1BA1A004-019D-41A0-9283-89DDBAB71F45}
	EndGlobalSection
EndGlobal
